
Microsoft Visual Studio Solution File, Format Version 12.00
# Visual Studio Version 16
VisualStudioVersion = 16.0.30114.105
MinimumVisualStudioVersion = 10.0.40219.1
Project("{FAE04EC0-301F-11D3-BF4B-00C04F79EFBC}") = "strAppersBackend", "strAppersBackend\strAppersBackend.csproj", "{2EDDAB10-03CB-401D-B7D9-E608A4EEDD9E}"
EndProject
Project("{FAE04EC0-301F-11D3-BF4B-00C04F79EFBC}") = "StrAppersWebApi.Tests", "StrAppersWebApi.Tests\StrAppersWebApi.Tests.csproj", "{86C01698-BBD3-40DB-BEB5-C39918795F0B}"
EndProject
Global
	GlobalSection(SolutionConfigurationPlatforms) = preSolution
		Debug|Any CPU = Debug|Any CPU
		Release|Any CPU = Release|Any CPU
	EndGlobalSection
	GlobalSection(SolutionProperties) = preSolution
		HideSolutionNode = FALSE
	EndGlobalSection
	GlobalSection(ProjectConfigurationPlatforms) = postSolution
		{2EDDAB10-03CB-401D-B7D9-E608A4EEDD9E}.Debug|Any CPU.ActiveCfg = Debug|Any CPU
		{2EDDAB10-03CB-401D-B7D9-E608A4EEDD9E}.Debug|Any CPU.Build.0 = Debug|Any CPU
		{2EDDAB10-03CB-401D-B7D9-E608A4EEDD9E}.Release|Any CPU.ActiveCfg = Release|Any CPU
		{2EDDAB10-03CB-401D-B7D9-E608A4EEDD9E}.Release|Any CPU.Build.0 = Release|Any CPU
		{86C01698-BBD3-40DB-BEB5-C39918795F0B}.Debug|Any CPU.ActiveCfg = Debug|Any CPU
		{86C01698-BBD3-40DB-BEB5-C39918795F0B}.Debug|Any CPU.Build.0 = Debug|Any CPU
		{86C01698-BBD3-40DB-BEB5-C39918795F0B}.Release|Any CPU.ActiveCfg = Release|Any CPU
		{86C01698-BBD3-40DB-BEB5-C39918795F0B}.Release|Any CPU.Build.0 = Release|Any CPU
	EndGlobalSection
EndGlobal
